// !$*UTF8*$!
{
	archiveVersion = 1;
	classes = {
	};
	objectVersion = 46;
	objects = {

/* Begin PBXBuildFile section */
		2DF218821BAD2EA200A2515E /* EUExTouchId.h in CopyFiles */ = {isa = PBXBuildFile; fileRef = 2DF218811BAD2EA200A2515E /* EUExTouchId.h */; };
		2DF218841BAD2EA200A2515E /* EUExTouchId.m in Sources */ = {isa = PBXBuildFile; fileRef = 2DF218831BAD2EA200A2515E /* EUExTouchId.m */; };
		2DF218A91BAD344D00A2515E /* LocalAuthentication.framework in Frameworks */ = {isa = PBXBuildFile; fileRef = 2DF218A81BAD344D00A2515E /* LocalAuthentication.framework */; };
/* End PBXBuildFile section */

/* Begin PBXCopyFilesBuildPhase section */
		2DF2187C1BAD2EA200A2515E /* CopyFiles */ = {
			isa = PBXCopyFilesBuildPhase;
			buildActionMask = 2147483647;
			dstPath = "include/$(PRODUCT_NAME)";
			dstSubfolderSpec = 16;
			files = (
				2DF218821BAD2EA200A2515E /* EUExTouchId.h in CopyFiles */,
			);
			runOnlyForDeploymentPostprocessing = 0;
		};
/* End PBXCopyFilesBuildPhase section */

/* Begin PBXFileReference section */
		2D89FB991BB104DE00EC6DFF /* JSON.h */ = {isa = PBXFileReference; fileEncoding = 4; lastKnownFileType = sourcecode.c.h; path = JSON.h; sourceTree = "<group>"; };
		2D89FB9A1BB104DE00EC6DFF /* NSObject+SBJSON.h */ = {isa = PBXFileReference; fileEncoding = 4; lastKnownFileType = sourcecode.c.h; path = "NSObject+SBJSON.h"; sourceTree = "<group>"; };
		2D89FB9B1BB104DE00EC6DFF /* NSString+SBJSON.h */ = {isa = PBXFileReference; fileEncoding = 4; lastKnownFileType = sourcecode.c.h; path = "NSString+SBJSON.h"; sourceTree = "<group>"; };
		2D89FB9C1BB104DE00EC6DFF /* SBJSON.h */ = {isa = PBXFileReference; fileEncoding = 4; lastKnownFileType = sourcecode.c.h; path = SBJSON.h; sourceTree = "<group>"; };
		2D89FB9D1BB104DE00EC6DFF /* SBJsonBase.h */ = {isa = PBXFileReference; fileEncoding = 4; lastKnownFileType = sourcecode.c.h; path = SBJsonBase.h; sourceTree = "<group>"; };
		2D89FB9E1BB104DE00EC6DFF /* SBJsonParser.h */ = {isa = PBXFileReference; fileEncoding = 4; lastKnownFileType = sourcecode.c.h; path = SBJsonParser.h; sourceTree = "<group>"; };
		2D89FB9F1BB104DE00EC6DFF /* SBJsonWriter.h */ = {isa = PBXFileReference; fileEncoding = 4; lastKnownFileType = sourcecode.c.h; path = SBJsonWriter.h; sourceTree = "<group>"; };
		2DF2187E1BAD2EA200A2515E /* libuexTouchId.a */ = {isa = PBXFileReference; explicitFileType = archive.ar; includeInIndex = 0; path = libuexTouchId.a; sourceTree = BUILT_PRODUCTS_DIR; };
		2DF218811BAD2EA200A2515E /* EUExTouchId.h */ = {isa = PBXFileReference; lastKnownFileType = sourcecode.c.h; path = EUExTouchId.h; sourceTree = "<group>"; };
		2DF218831BAD2EA200A2515E /* EUExTouchId.m */ = {isa = PBXFileReference; lastKnownFileType = sourcecode.c.objc; path = EUExTouchId.m; sourceTree = "<group>"; };
		2DF218A31BAD30F000A2515E /* EUExBase.h */ = {isa = PBXFileReference; fileEncoding = 4; lastKnownFileType = sourcecode.c.h; name = EUExBase.h; path = engineHeader/EUExBase.h; sourceTree = "<group>"; };
		2DF218A41BAD30F800A2515E /* EUExBaseDefine.h */ = {isa = PBXFileReference; fileEncoding = 4; lastKnownFileType = sourcecode.c.h; name = EUExBaseDefine.h; path = engineHeader/EUExBaseDefine.h; sourceTree = "<group>"; };
		2DF218A51BAD30F800A2515E /* EUtility.h */ = {isa = PBXFileReference; fileEncoding = 4; lastKnownFileType = sourcecode.c.h; name = EUtility.h; path = engineHeader/EUtility.h; sourceTree = "<group>"; };
		2DF218A81BAD344D00A2515E /* LocalAuthentication.framework */ = {isa = PBXFileReference; lastKnownFileType = wrapper.framework; name = LocalAuthentication.framework; path = System/Library/Frameworks/LocalAuthentication.framework; sourceTree = SDKROOT; };
/* End PBXFileReference section */

/* Begin PBXFrameworksBuildPhase section */
		2DF2187B1BAD2EA200A2515E /* Frameworks */ = {
			isa = PBXFrameworksBuildPhase;
			buildActionMask = 2147483647;
			files = (
				2DF218A91BAD344D00A2515E /* LocalAuthentication.framework in Frameworks */,
			);
			runOnlyForDeploymentPostprocessing = 0;
		};
/* End PBXFrameworksBuildPhase section */

/* Begin PBXGroup section */
		2D89FB981BB104DE00EC6DFF /* JSON */ = {
			isa = PBXGroup;
			children = (
				2D89FB991BB104DE00EC6DFF /* JSON.h */,
				2D89FB9A1BB104DE00EC6DFF /* NSObject+SBJSON.h */,
				2D89FB9B1BB104DE00EC6DFF /* NSString+SBJSON.h */,
				2D89FB9C1BB104DE00EC6DFF /* SBJSON.h */,
				2D89FB9D1BB104DE00EC6DFF /* SBJsonBase.h */,
				2D89FB9E1BB104DE00EC6DFF /* SBJsonParser.h */,
				2D89FB9F1BB104DE00EC6DFF /* SBJsonWriter.h */,
			);
			name = JSON;
			path = sourceCode/JSON;
			sourceTree = "<group>";
		};
		2DF218751BAD2EA200A2515E = {
			isa = PBXGroup;
			children = (
				2DF218A81BAD344D00A2515E /* LocalAuthentication.framework */,
				2DF218801BAD2EA200A2515E /* EUExTouchId */,
				2DF2187F1BAD2EA200A2515E /* Products */,
			);
			sourceTree = "<group>";
		};
		2DF2187F1BAD2EA200A2515E /* Products */ = {
			isa = PBXGroup;
			children = (
				2DF2187E1BAD2EA200A2515E /* libuexTouchId.a */,
			);
			name = Products;
			sourceTree = "<group>";
		};
		2DF218801BAD2EA200A2515E /* EUExTouchId */ = {
			isa = PBXGroup;
			children = (
				2DF218A21BAD2ED700A2515E /* sourceCode */,
				2DF218A11BAD2ECA00A2515E /* engineHeader */,
				2DF218811BAD2EA200A2515E /* EUExTouchId.h */,
				2DF218831BAD2EA200A2515E /* EUExTouchId.m */,
			);
			path = EUExTouchId;
			sourceTree = "<group>";
		};
		2DF218A11BAD2ECA00A2515E /* engineHeader */ = {
			isa = PBXGroup;
			children = (
				2DF218A41BAD30F800A2515E /* EUExBaseDefine.h */,
				2DF218A51BAD30F800A2515E /* EUtility.h */,
				2DF218A31BAD30F000A2515E /* EUExBase.h */,
			);
			name = engineHeader;
			sourceTree = "<group>";
		};
		2DF218A21BAD2ED700A2515E /* sourceCode */ = {
			isa = PBXGroup;
			children = (
				2D89FB981BB104DE00EC6DFF /* JSON */,
			);
			name = sourceCode;
			sourceTree = "<group>";
		};
/* End PBXGroup section */

/* Begin PBXNativeTarget section */
		2DF2187D1BAD2EA200A2515E /* EUExTouchId */ = {
			isa = PBXNativeTarget;
			buildConfigurationList = 2DF218921BAD2EA200A2515E /* Build configuration list for PBXNativeTarget "EUExTouchId" */;
			buildPhases = (
				2DF2187A1BAD2EA200A2515E /* Sources */,
				2DF2187B1BAD2EA200A2515E /* Frameworks */,
				2DF2187C1BAD2EA200A2515E /* CopyFiles */,
			);
			buildRules = (
			);
			dependencies = (
			);
			name = EUExTouchId;
			productName = EUExTouchId;
			productReference = 2DF2187E1BAD2EA200A2515E /* libuexTouchId.a */;
			productType = "com.apple.product-type.library.static";
		};
/* End PBXNativeTarget section */

/* Begin PBXProject section */
		2DF218761BAD2EA200A2515E /* Project object */ = {
			isa = PBXProject;
			attributes = {
				LastUpgradeCheck = 0640;
				ORGANIZATIONNAME = ray_MGL;
				TargetAttributes = {
					2DF2187D1BAD2EA200A2515E = {
						CreatedOnToolsVersion = 6.4;
					};
				};
			};
			buildConfigurationList = 2DF218791BAD2EA200A2515E /* Build configuration list for PBXProject "EUExTouchId" */;
			compatibilityVersion = "Xcode 3.2";
			developmentRegion = English;
			hasScannedForEncodings = 0;
			knownRegions = (
				en,
			);
			mainGroup = 2DF218751BAD2EA200A2515E;
			productRefGroup = 2DF2187F1BAD2EA200A2515E /* Products */;
			projectDirPath = "";
			projectRoot = "";
			targets = (
				2DF2187D1BAD2EA200A2515E /* EUExTouchId */,
			);
		};
/* End PBXProject section */

/* Begin PBXSourcesBuildPhase section */
		2DF2187A1BAD2EA200A2515E /* Sources */ = {
			isa = PBXSourcesBuildPhase;
			buildActionMask = 2147483647;
			files = (
				2DF218841BAD2EA200A2515E /* EUExTouchId.m in Sources */,
			);
			runOnlyForDeploymentPostprocessing = 0;
		};
/* End PBXSourcesBuildPhase section */

/* Begin XCBuildConfiguration section */
		2DF218901BAD2EA200A2515E /* Debug */ = {
			isa = XCBuildConfiguration;
			buildSettings = {
				ALWAYS_SEARCH_USER_PATHS = NO;
				CLANG_CXX_LANGUAGE_STANDARD = "gnu++0x";
				CLANG_CXX_LIBRARY = "libc++";
				CLANG_ENABLE_MODULES = YES;
				CLANG_ENABLE_OBJC_ARC = YES;
				CLANG_WARN_BOOL_CONVERSION = YES;
				CLANG_WARN_CONSTANT_CONVERSION = YES;
				CLANG_WARN_DIRECT_OBJC_ISA_USAGE = YES_ERROR;
				CLANG_WARN_EMPTY_BODY = YES;
				CLANG_WARN_ENUM_CONVERSION = YES;
				CLANG_WARN_INT_CONVERSION = YES;
				CLANG_WARN_OBJC_ROOT_CLASS = YES_ERROR;
				CLANG_WARN_UNREACHABLE_CODE = YES;
				CLANG_WARN__DUPLICATE_METHOD_MATCH = YES;
				CONFIGURATION_BUILD_DIR = "$(SRCROOT)/uexTouchId/";
				COPY_PHASE_STRIP = NO;
				DEBUG_INFORMATION_FORMAT = "dwarf-with-dsym";
				ENABLE_STRICT_OBJC_MSGSEND = YES;
				GCC_C_LANGUAGE_STANDARD = gnu99;
				GCC_DYNAMIC_NO_PIC = NO;
				GCC_NO_COMMON_BLOCKS = YES;
				GCC_OPTIMIZATION_LEVEL = 0;
				GCC_PREPROCESSOR_DEFINITIONS = (
					"DEBUG=1",
					"$(inherited)",
				);
				GCC_SYMBOLS_PRIVATE_EXTERN = NO;
				GCC_WARN_64_TO_32_BIT_CONVERSION = YES;
				GCC_WARN_ABOUT_RETURN_TYPE = YES_ERROR;
				GCC_WARN_UNDECLARED_SELECTOR = YES;
				GCC_WARN_UNINITIALIZED_AUTOS = YES_AGGRESSIVE;
				GCC_WARN_UNUSED_FUNCTION = YES;
				GCC_WARN_UNUSED_VARIABLE = YES;
				IPHONEOS_DEPLOYMENT_TARGET = 8.4;
				MTL_ENABLE_DEBUG_INFO = YES;
				ONLY_ACTIVE_ARCH = YES;
				PRODUCT_NAME = uexTouchId;
				SDKROOT = iphoneos;
			};
			name = Debug;
		};
		2DF218911BAD2EA200A2515E /* Release */ = {
			isa = XCBuildConfiguration;
			buildSettings = {
				ALWAYS_SEARCH_USER_PATHS = NO;
				CLANG_CXX_LANGUAGE_STANDARD = "gnu++0x";
				CLANG_CXX_LIBRARY = "libc++";
				CLANG_ENABLE_MODULES = YES;
				CLANG_ENABLE_OBJC_ARC = YES;
				CLANG_WARN_BOOL_CONVERSION = YES;
				CLANG_WARN_CONSTANT_CONVERSION = YES;
				CLANG_WARN_DIRECT_OBJC_ISA_USAGE = YES_ERROR;
				CLANG_WARN_EMPTY_BODY = YES;
				CLANG_WARN_ENUM_CONVERSION = YES;
				CLANG_WARN_INT_CONVERSION = YES;
				CLANG_WARN_OBJC_ROOT_CLASS = YES_ERROR;
				CLANG_WARN_UNREACHABLE_CODE = YES;
				CLANG_WARN__DUPLICATE_METHOD_MATCH = YES;
				CONFIGURATION_BUILD_DIR = "$(SRCROOT)/uexTouchId/";
				COPY_PHASE_STRIP = NO;
				DEBUG_INFORMATION_FORMAT = "dwarf-with-dsym";
				ENABLE_NS_ASSERTIONS = NO;
				ENABLE_STRICT_OBJC_MSGSEND = YES;
				GCC_C_LANGUAGE_STANDARD = gnu99;
				GCC_NO_COMMON_BLOCKS = YES;
				GCC_WARN_64_TO_32_BIT_CONVERSION = YES;
				GCC_WARN_ABOUT_RETURN_TYPE = YES_ERROR;
				GCC_WARN_UNDECLARED_SELECTOR = YES;
				GCC_WARN_UNINITIALIZED_AUTOS = YES_AGGRESSIVE;
				GCC_WARN_UNUSED_FUNCTION = YES;
				GCC_WARN_UNUSED_VARIABLE = YES;
				IPHONEOS_DEPLOYMENT_TARGET = 8.4;
				MTL_ENABLE_DEBUG_INFO = NO;
				PRODUCT_NAME = uexTouchId;
				SDKROOT = iphoneos;
				VALIDATE_PRODUCT = YES;
			};
			name = Release;
		};
		2DF218931BAD2EA200A2515E /* Debug */ = {
			isa = XCBuildConfiguration;
			buildSettings = {
				OTHER_LDFLAGS = "-ObjC";
				PRODUCT_NAME = uexTouchId;
				SKIP_INSTALL = YES;
			};
			name = Debug;
		};
		2DF218941BAD2EA200A2515E /* Release */ = {
			isa = XCBuildConfiguration;
			buildSettings = {
				OTHER_LDFLAGS = "-ObjC";
				PRODUCT_NAME = uexTouchId;
				SKIP_INSTALL = YES;
			};
			name = Release;
		};
/* End XCBuildConfiguration section */

/* Begin XCConfigurationList section */
		2DF218791BAD2EA200A2515E /* Build configuration list for PBXProject "EUExTouchId" */ = {
			isa = XCConfigurationList;
			buildConfigurations = (
				2DF218901BAD2EA200A2515E /* Debug */,
				2DF218911BAD2EA200A2515E /* Release */,
			);
			defaultConfigurationIsVisible = 0;
			defaultConfigurationName = Release;
		};
		2DF218921BAD2EA200A2515E /* Build configuration list for PBXNativeTarget "EUExTouchId" */ = {
			isa = XCConfigurationList;
			buildConfigurations = (
				2DF218931BAD2EA200A2515E /* Debug */,
				2DF218941BAD2EA200A2515E /* Release */,
			);
			defaultConfigurationIsVisible = 0;
			defaultConfigurationName = Release;
		};
/* End XCConfigurationList section */
	};
	rootObject = 2DF218761BAD2EA200A2515E /* Project object */;
}
